// !$*UTF8*$!
{
	archiveVersion = 1;
	classes = {
	};
	objectVersion = 50;
	objects = {

/* Begin PBXBuildFile section */
		062E3D4423ECB13A0018E39D /* AppDelegate.swift in Sources */ = {isa = PBXBuildFile; fileRef = 062E3D4323ECB13A0018E39D /* AppDelegate.swift */; };
		062E3D4623ECB13A0018E39D /* SceneDelegate.swift in Sources */ = {isa = PBXBuildFile; fileRef = 062E3D4523ECB13A0018E39D /* SceneDelegate.swift */; };
		062E3D4823ECB13A0018E39D /* ViewController.swift in Sources */ = {isa = PBXBuildFile; fileRef = 062E3D4723ECB13A0018E39D /* ViewController.swift */; };
		062E3D4B23ECB13A0018E39D /* Main.storyboard in Resources */ = {isa = PBXBuildFile; fileRef = 062E3D4923ECB13A0018E39D /* Main.storyboard */; };
		062E3D4D23ECB13C0018E39D /* Assets.xcassets in Resources */ = {isa = PBXBuildFile; fileRef = 062E3D4C23ECB13C0018E39D /* Assets.xcassets */; };
		062E3D5023ECB13C0018E39D /* LaunchScreen.storyboard in Resources */ = {isa = PBXBuildFile; fileRef = 062E3D4E23ECB13C0018E39D /* LaunchScreen.storyboard */; };
		062E3D5823ECB6930018E39D /* SecurePageViewController.swift in Sources */ = {isa = PBXBuildFile; fileRef = 062E3D5723ECB6930018E39D /* SecurePageViewController.swift */; };
/* End PBXBuildFile section */

/* Begin PBXFileReference section */
		062E3D4023ECB13A0018E39D /* Project 4 - Secure Login.app */ = {isa = PBXFileReference; explicitFileType = wrapper.application; includeInIndex = 0; path = "Project 4 - Secure Login.app"; sourceTree = BUILT_PRODUCTS_DIR; };
		062E3D4323ECB13A0018E39D /* AppDelegate.swift */ = {isa = PBXFileReference; lastKnownFileType = sourcecode.swift; path = AppDelegate.swift; sourceTree = "<group>"; };
		062E3D4523ECB13A0018E39D /* SceneDelegate.swift */ = {isa = PBXFileReference; lastKnownFileType = sourcecode.swift; path = SceneDelegate.swift; sourceTree = "<group>"; };
		062E3D4723ECB13A0018E39D /* ViewController.swift */ = {isa = PBXFileReference; lastKnownFileType = sourcecode.swift; path = ViewController.swift; sourceTree = "<group>"; };
		062E3D4A23ECB13A0018E39D /* Base */ = {isa = PBXFileReference; lastKnownFileType = file.storyboard; name = Base; path = Base.lproj/Main.storyboard; sourceTree = "<group>"; };
		062E3D4C23ECB13C0018E39D /* Assets.xcassets */ = {isa = PBXFileReference; lastKnownFileType = folder.assetcatalog; path = Assets.xcassets; sourceTree = "<group>"; };
		062E3D4F23ECB13C0018E39D /* Base */ = {isa = PBXFileReference; lastKnownFileType = file.storyboard; name = Base; path = Base.lproj/LaunchScreen.storyboard; sourceTree = "<group>"; };
		062E3D5123ECB13C0018E39D /* Info.plist */ = {isa = PBXFileReference; lastKnownFileType = text.plist.xml; path = Info.plist; sourceTree = "<group>"; };
		062E3D5723ECB6930018E39D /* SecurePageViewController.swift */ = {isa = PBXFileReference; lastKnownFileType = sourcecode.swift; path = SecurePageViewController.swift; sourceTree = "<group>"; };
/* End PBXFileReference section */

/* Begin PBXFrameworksBuildPhase section */
		062E3D3D23ECB13A0018E39D /* Frameworks */ = {
			isa = PBXFrameworksBuildPhase;
			buildActionMask = 2147483647;
			files = (
			);
			runOnlyForDeploymentPostprocessing = 0;
		};
/* End PBXFrameworksBuildPhase section */

/* Begin PBXGroup section */
		062E3D3723ECB13A0018E39D = {
			isa = PBXGroup;
			children = (
				062E3D4223ECB13A0018E39D /* Project 3 - Secure Login */,
				062E3D4123ECB13A0018E39D /* Products */,
			);
			sourceTree = "<group>";
		};
		062E3D4123ECB13A0018E39D /* Products */ = {
			isa = PBXGroup;
			children = (
				062E3D4023ECB13A0018E39D /* Project 4 - Secure Login.app */,
			);
			name = Products;
			sourceTree = "<group>";
		};
		062E3D4223ECB13A0018E39D /* Project 3 - Secure Login */ = {
			isa = PBXGroup;
			children = (
				062E3D4323ECB13A0018E39D /* AppDelegate.swift */,
				062E3D4523ECB13A0018E39D /* SceneDelegate.swift */,
				062E3D4723ECB13A0018E39D /* ViewController.swift */,
				062E3D4923ECB13A0018E39D /* Main.storyboard */,
				062E3D5723ECB6930018E39D /* SecurePageViewController.swift */,
				062E3D4C23ECB13C0018E39D /* Assets.xcassets */,
				062E3D4E23ECB13C0018E39D /* LaunchScreen.storyboard */,
				062E3D5123ECB13C0018E39D /* Info.plist */,
			);
			path = "Project 3 - Secure Login";
			sourceTree = "<group>";
		};
/* End PBXGroup section */

/* Begin PBXNativeTarget section */
		062E3D3F23ECB13A0018E39D /* Project 3 - Secure Login */ = {
			isa = PBXNativeTarget;
			buildConfigurationList = 062E3D5423ECB13C0018E39D /* Build configuration list for PBXNativeTarget "Project 3 - Secure Login" */;
			buildPhases = (
				062E3D3C23ECB13A0018E39D /* Sources */,
				062E3D3D23ECB13A0018E39D /* Frameworks */,
				062E3D3E23ECB13A0018E39D /* Resources */,
			);
			buildRules = (
			);
			dependencies = (
			);
			name = "Project 3 - Secure Login";
			productName = "Project 3 - Secure Login";
			productReference = 062E3D4023ECB13A0018E39D /* Project 4 - Secure Login.app */;
			productType = "com.apple.product-type.application";
		};
/* End PBXNativeTarget section */

/* Begin PBXProject section */
		062E3D3823ECB13A0018E39D /* Project object */ = {
			isa = PBXProject;
			attributes = {
				LastSwiftUpdateCheck = 1130;
				LastUpgradeCheck = 1130;
				ORGANIZATIONNAME = "Ruben Ruiz";
				TargetAttributes = {
					062E3D3F23ECB13A0018E39D = {
						CreatedOnToolsVersion = 11.3;
					};
				};
			};
			buildConfigurationList = 062E3D3B23ECB13A0018E39D /* Build configuration list for PBXProject "Project 3 - Secure Login" */;
			compatibilityVersion = "Xcode 9.3";
			developmentRegion = en;
			hasScannedForEncodings = 0;
			knownRegions = (
				en,
				Base,
			);
			mainGroup = 062E3D3723ECB13A0018E39D;
			productRefGroup = 062E3D4123ECB13A0018E39D /* Products */;
			projectDirPath = "";
			projectRoot = "";
			targets = (
				062E3D3F23ECB13A0018E39D /* Project 3 - Secure Login */,
			);
		};
/* End PBXProject section */

/* Begin PBXResourcesBuildPhase section */
		062E3D3E23ECB13A0018E39D /* Resources */ = {
			isa = PBXResourcesBuildPhase;
			buildActionMask = 2147483647;
			files = (
				062E3D5023ECB13C0018E39D /* LaunchScreen.storyboard in Resources */,
				062E3D4D23ECB13C0018E39D /* Assets.xcassets in Resources */,
				062E3D4B23ECB13A0018E39D /* Main.storyboard in Resources */,
			);
			runOnlyForDeploymentPostprocessing = 0;
		};
/* End PBXResourcesBuildPhase section */

/* Begin PBXSourcesBuildPhase section */
		062E3D3C23ECB13A0018E39D /* Sources */ = {
			isa = PBXSourcesBuildPhase;
			buildActionMask = 2147483647;
			files = (
				062E3D5823ECB6930018E39D /* SecurePageViewController.swift in Sources */,
				062E3D4823ECB13A0018E39D /* ViewController.swift in Sources */,
				062E3D4423ECB13A0018E39D /* AppDelegate.swift in Sources */,
				062E3D4623ECB13A0018E39D /* SceneDelegate.swift in Sources */,
			);
			runOnlyForDeploymentPostprocessing = 0;
		};
/* End PBXSourcesBuildPhase section */

/* Begin PBXVariantGroup section */
		062E3D4923ECB13A0018E39D /* Main.storyboard */ = {
			isa = PBXVariantGroup;
			children = (
				062E3D4A23ECB13A0018E39D /* Base */,
			);
			name = Main.storyboard;
			sourceTree = "<group>";
		};
		062E3D4E23ECB13C0018E39D /* LaunchScreen.storyboard */ = {
			isa = PBXVariantGroup;
			children = (
				062E3D4F23ECB13C0018E39D /* Base */,
			);
			name = LaunchScreen.storyboard;
			sourceTree = "<group>";
		};
/* End PBXVariantGroup section */

/* Begin XCBuildConfiguration section */
		062E3D5223ECB13C0018E39D /* Debug */ = {
			isa = XCBuildConfiguration;
			buildSettings = {
				ALWAYS_SEARCH_USER_PATHS = NO;
				CLANG_ANALYZER_NONNULL = YES;
				CLANG_ANALYZER_NUMBER_OBJECT_CONVERSION = YES_AGGRESSIVE;
				CLANG_CXX_LANGUAGE_STANDARD = "gnu++14";
				CLANG_CXX_LIBRARY = "libc++";
				CLANG_ENABLE_MODULES = YES;
				CLANG_ENABLE_OBJC_ARC = YES;
				CLANG_ENABLE_OBJC_WEAK = YES;
				CLANG_WARN_BLOCK_CAPTURE_AUTORELEASING = YES;
				CLANG_WARN_BOOL_CONVERSION = YES;
				CLANG_WARN_COMMA = YES;
				CLANG_WARN_CONSTANT_CONVERSION = YES;
				CLANG_WARN_DEPRECATED_OBJC_IMPLEMENTATIONS = YES;
				CLANG_WARN_DIRECT_OBJC_ISA_USAGE = YES_ERROR;
				CLANG_WARN_DOCUMENTATION_COMMENTS = YES;
				CLANG_WARN_EMPTY_BODY = YES;
				CLANG_WARN_ENUM_CONVERSION = YES;
				CLANG_WARN_INFINITE_RECURSION = YES;
				CLANG_WARN_INT_CONVERSION = YES;
				CLANG_WARN_NON_LITERAL_NULL_CONVERSION = YES;
				CLANG_WARN_OBJC_IMPLICIT_RETAIN_SELF = YES;
				CLANG_WARN_OBJC_LITERAL_CONVERSION = YES;
				CLANG_WARN_OBJC_ROOT_CLASS = YES_ERROR;
				CLANG_WARN_RANGE_LOOP_ANALYSIS = YES;
				CLANG_WARN_STRICT_PROTOTYPES = YES;
				CLANG_WARN_SUSPICIOUS_MOVE = YES;
				CLANG_WARN_UNGUARDED_AVAILABILITY = YES_AGGRESSIVE;
				CLANG_WARN_UNREACHABLE_CODE = YES;
				CLANG_WARN__DUPLICATE_METHOD_MATCH = YES;
				COPY_PHASE_STRIP = NO;
				DEBUG_INFORMATION_FORMAT = dwarf;
				ENABLE_STRICT_OBJC_MSGSEND = YES;
				ENABLE_TESTABILITY = YES;
				GCC_C_LANGUAGE_STANDARD = gnu11;
				GCC_DYNAMIC_NO_PIC = NO;
				GCC_NO_COMMON_BLOCKS = YES;
				GCC_OPTIMIZATION_LEVEL = 0;
				GCC_PREPROCESSOR_DEFINITIONS = (
					"DEBUG=1",
					"$(inherited)",
				);
				GCC_WARN_64_TO_32_BIT_CONVERSION = YES;
				GCC_WARN_ABOUT_RETURN_TYPE = YES_ERROR;
				GCC_WARN_UNDECLARED_SELECTOR = YES;
				GCC_WARN_UNINITIALIZED_AUTOS = YES_AGGRESSIVE;
				GCC_WARN_UNUSED_FUNCTION = YES;
				GCC_WARN_UNUSED_VARIABLE = YES;
				IPHONEOS_DEPLOYMENT_TARGET = 13.2;
				MTL_ENABLE_DEBUG_INFO = INCLUDE_SOURCE;
				MTL_FAST_MATH = YES;
				ONLY_ACTIVE_ARCH = YES;
				SDKROOT = iphoneos;
				SWIFT_ACTIVE_COMPILATION_CONDITIONS = DEBUG;
				SWIFT_OPTIMIZATION_LEVEL = "-Onone";
			};
			name = Debug;
		};
		062E3D5323ECB13C0018E39D /* Release */ = {
			isa = XCBuildConfiguration;
			buildSettings = {
				ALWAYS_SEARCH_USER_PATHS = NO;
				CLANG_ANALYZER_NONNULL = YES;
				CLANG_ANALYZER_NUMBER_OBJECT_CONVERSION = YES_AGGRESSIVE;
				CLANG_CXX_LANGUAGE_STANDARD = "gnu++14";
				CLANG_CXX_LIBRARY = "libc++";
				CLANG_ENABLE_MODULES = YES;
				CLANG_ENABLE_OBJC_ARC = YES;
				CLANG_ENABLE_OBJC_WEAK = YES;
				CLANG_WARN_BLOCK_CAPTURE_AUTORELEASING = YES;
				CLANG_WARN_BOOL_CONVERSION = YES;
				CLANG_WARN_COMMA = YES;
				CLANG_WARN_CONSTANT_CONVERSION = YES;
				CLANG_WARN_DEPRECATED_OBJC_IMPLEMENTATIONS = YES;
				CLANG_WARN_DIRECT_OBJC_ISA_USAGE = YES_ERROR;
				CLANG_WARN_DOCUMENTATION_COMMENTS = YES;
				CLANG_WARN_EMPTY_BODY = YES;
				CLANG_WARN_ENUM_CONVERSION = YES;
				CLANG_WARN_INFINITE_RECURSION = YES;
				CLANG_WARN_INT_CONVERSION = YES;
				CLANG_WARN_NON_LITERAL_NULL_CONVERSION = YES;
				CLANG_WARN_OBJC_IMPLICIT_RETAIN_SELF = YES;
				CLANG_WARN_OBJC_LITERAL_CONVERSION = YES;
				CLANG_WARN_OBJC_ROOT_CLASS = YES_ERROR;
				CLANG_WARN_RANGE_LOOP_ANALYSIS = YES;
				CLANG_WARN_STRICT_PROTOTYPES = YES;
				CLANG_WARN_SUSPICIOUS_MOVE = YES;
				CLANG_WARN_UNGUARDED_AVAILABILITY = YES_AGGRESSIVE;
				CLANG_WARN_UNREACHABLE_CODE = YES;
				CLANG_WARN__DUPLICATE_METHOD_MATCH = YES;
				COPY_PHASE_STRIP = NO;
				DEBUG_INFORMATION_FORMAT = "dwarf-with-dsym";
				ENABLE_NS_ASSERTIONS = NO;
				ENABLE_STRICT_OBJC_MSGSEND = YES;
				GCC_C_LANGUAGE_STANDARD = gnu11;
				GCC_NO_COMMON_BLOCKS = YES;
				GCC_WARN_64_TO_32_BIT_CONVERSION = YES;
				GCC_WARN_ABOUT_RETURN_TYPE = YES_ERROR;
				GCC_WARN_UNDECLARED_SELECTOR = YES;
				GCC_WARN_UNINITIALIZED_AUTOS = YES_AGGRESSIVE;
				GCC_WARN_UNUSED_FUNCTION = YES;
				GCC_WARN_UNUSED_VARIABLE = YES;
				IPHONEOS_DEPLOYMENT_TARGET = 13.2;
				MTL_ENABLE_DEBUG_INFO = NO;
				MTL_FAST_MATH = YES;
				SDKROOT = iphoneos;
				SWIFT_COMPILATION_MODE = wholemodule;
				SWIFT_OPTIMIZATION_LEVEL = "-O";
				VALIDATE_PRODUCT = YES;
			};
			name = Release;
		};
		062E3D5523ECB13C0018E39D /* Debug */ = {
			isa = XCBuildConfiguration;
			buildSettings = {
				ASSETCATALOG_COMPILER_APPICON_NAME = AppIcon;
				CODE_SIGN_STYLE = Automatic;
				INFOPLIST_FILE = "Project 3 - Secure Login/Info.plist";
				LD_RUNPATH_SEARCH_PATHS = (
					"$(inherited)",
					"@executable_path/Frameworks",
				);
				PRODUCT_BUNDLE_IDENTIFIER = "org.rubenruiz.Project-4---Secure-Login";
				PRODUCT_NAME = "Project 4 - Secure Login";
				SWIFT_VERSION = 5.0;
				TARGETED_DEVICE_FAMILY = "1,2";
			};
			name = Debug;
		};
		062E3D5623ECB13C0018E39D /* Release */ = {
			isa = XCBuildConfiguration;
			buildSettings = {
				ASSETCATALOG_COMPILER_APPICON_NAME = AppIcon;
				CODE_SIGN_STYLE = Automatic;
				INFOPLIST_FILE = "Project 3 - Secure Login/Info.plist";
				LD_RUNPATH_SEARCH_PATHS = (
					"$(inherited)",
					"@executable_path/Frameworks",
				);
				PRODUCT_BUNDLE_IDENTIFIER = "org.rubenruiz.Project-4---Secure-Login";
				PRODUCT_NAME = "Project 4 - Secure Login";
				SWIFT_VERSION = 5.0;
				TARGETED_DEVICE_FAMILY = "1,2";
			};
			name = Release;
		};
/* End XCBuildConfiguration section */

/* Begin XCConfigurationList section */
		062E3D3B23ECB13A0018E39D /* Build configuration list for PBXProject "Project 3 - Secure Login" */ = {
			isa = XCConfigurationList;
			buildConfigurations = (
				062E3D5223ECB13C0018E39D /* Debug */,
				062E3D5323ECB13C0018E39D /* Release */,
			);
			defaultConfigurationIsVisible = 0;
			defaultConfigurationName = Release;
		};
		062E3D5423ECB13C0018E39D /* Build configuration list for PBXNativeTarget "Project 3 - Secure Login" */ = {
			isa = XCConfigurationList;
			buildConfigurations = (
				062E3D5523ECB13C0018E39D /* Debug */,
				062E3D5623ECB13C0018E39D /* Release */,
			);
			defaultConfigurationIsVisible = 0;
			defaultConfigurationName = Release;
		};
/* End XCConfigurationList section */
	};
	rootObject = 062E3D3823ECB13A0018E39D /* Project object */;
}
