// !$*UTF8*$!
{
	archiveVersion = 1;
	classes = {
	};
	objectVersion = 50;
	objects = {

/* Begin PBXBuildFile section */
		06E943B923DA3FFA00EB8E60 /* AppDelegate.swift in Sources */ = {isa = PBXBuildFile; fileRef = 06E943B823DA3FFA00EB8E60 /* AppDelegate.swift */; };
		06E943BB23DA3FFA00EB8E60 /* SceneDelegate.swift in Sources */ = {isa = PBXBuildFile; fileRef = 06E943BA23DA3FFA00EB8E60 /* SceneDelegate.swift */; };
		06E943BD23DA3FFA00EB8E60 /* ViewController.swift in Sources */ = {isa = PBXBuildFile; fileRef = 06E943BC23DA3FFA00EB8E60 /* ViewController.swift */; };
		06E943C023DA3FFA00EB8E60 /* Main.storyboard in Resources */ = {isa = PBXBuildFile; fileRef = 06E943BE23DA3FFA00EB8E60 /* Main.storyboard */; };
		06E943C223DA3FFB00EB8E60 /* Assets.xcassets in Resources */ = {isa = PBXBuildFile; fileRef = 06E943C123DA3FFB00EB8E60 /* Assets.xcassets */; };
		06E943C523DA3FFB00EB8E60 /* LaunchScreen.storyboard in Resources */ = {isa = PBXBuildFile; fileRef = 06E943C323DA3FFB00EB8E60 /* LaunchScreen.storyboard */; };
/* End PBXBuildFile section */

/* Begin PBXFileReference section */
		06E943B523DA3FFA00EB8E60 /* Project 2 - Tip Calculator.app */ = {isa = PBXFileReference; explicitFileType = wrapper.application; includeInIndex = 0; path = "Project 2 - Tip Calculator.app"; sourceTree = BUILT_PRODUCTS_DIR; };
		06E943B823DA3FFA00EB8E60 /* AppDelegate.swift */ = {isa = PBXFileReference; lastKnownFileType = sourcecode.swift; path = AppDelegate.swift; sourceTree = "<group>"; };
		06E943BA23DA3FFA00EB8E60 /* SceneDelegate.swift */ = {isa = PBXFileReference; lastKnownFileType = sourcecode.swift; path = SceneDelegate.swift; sourceTree = "<group>"; };
		06E943BC23DA3FFA00EB8E60 /* ViewController.swift */ = {isa = PBXFileReference; lastKnownFileType = sourcecode.swift; path = ViewController.swift; sourceTree = "<group>"; };
		06E943BF23DA3FFA00EB8E60 /* Base */ = {isa = PBXFileReference; lastKnownFileType = file.storyboard; name = Base; path = Base.lproj/Main.storyboard; sourceTree = "<group>"; };
		06E943C123DA3FFB00EB8E60 /* Assets.xcassets */ = {isa = PBXFileReference; lastKnownFileType = folder.assetcatalog; path = Assets.xcassets; sourceTree = "<group>"; };
		06E943C423DA3FFB00EB8E60 /* Base */ = {isa = PBXFileReference; lastKnownFileType = file.storyboard; name = Base; path = Base.lproj/LaunchScreen.storyboard; sourceTree = "<group>"; };
		06E943C623DA3FFB00EB8E60 /* Info.plist */ = {isa = PBXFileReference; lastKnownFileType = text.plist.xml; path = Info.plist; sourceTree = "<group>"; };
/* End PBXFileReference section */

/* Begin PBXFrameworksBuildPhase section */
		06E943B223DA3FFA00EB8E60 /* Frameworks */ = {
			isa = PBXFrameworksBuildPhase;
			buildActionMask = 2147483647;
			files = (
			);
			runOnlyForDeploymentPostprocessing = 0;
		};
/* End PBXFrameworksBuildPhase section */

/* Begin PBXGroup section */
		06E943AC23DA3FFA00EB8E60 = {
			isa = PBXGroup;
			children = (
				06E943B723DA3FFA00EB8E60 /* Project 2 - Tip Calculator */,
				06E943B623DA3FFA00EB8E60 /* Products */,
			);
			sourceTree = "<group>";
		};
		06E943B623DA3FFA00EB8E60 /* Products */ = {
			isa = PBXGroup;
			children = (
				06E943B523DA3FFA00EB8E60 /* Project 2 - Tip Calculator.app */,
			);
			name = Products;
			sourceTree = "<group>";
		};
		06E943B723DA3FFA00EB8E60 /* Project 2 - Tip Calculator */ = {
			isa = PBXGroup;
			children = (
				06E943B823DA3FFA00EB8E60 /* AppDelegate.swift */,
				06E943BA23DA3FFA00EB8E60 /* SceneDelegate.swift */,
				06E943BC23DA3FFA00EB8E60 /* ViewController.swift */,
				06E943BE23DA3FFA00EB8E60 /* Main.storyboard */,
				06E943C123DA3FFB00EB8E60 /* Assets.xcassets */,
				06E943C323DA3FFB00EB8E60 /* LaunchScreen.storyboard */,
				06E943C623DA3FFB00EB8E60 /* Info.plist */,
			);
			path = "Project 2 - Tip Calculator";
			sourceTree = "<group>";
		};
/* End PBXGroup section */

/* Begin PBXNativeTarget section */
		06E943B423DA3FFA00EB8E60 /* Project 2 - Tip Calculator */ = {
			isa = PBXNativeTarget;
			buildConfigurationList = 06E943C923DA3FFB00EB8E60 /* Build configuration list for PBXNativeTarget "Project 2 - Tip Calculator" */;
			buildPhases = (
				06E943B123DA3FFA00EB8E60 /* Sources */,
				06E943B223DA3FFA00EB8E60 /* Frameworks */,
				06E943B323DA3FFA00EB8E60 /* Resources */,
			);
			buildRules = (
			);
			dependencies = (
			);
			name = "Project 2 - Tip Calculator";
			productName = "Project 2 - Tip Calculator";
			productReference = 06E943B523DA3FFA00EB8E60 /* Project 2 - Tip Calculator.app */;
			productType = "com.apple.product-type.application";
		};
/* End PBXNativeTarget section */

/* Begin PBXProject section */
		06E943AD23DA3FFA00EB8E60 /* Project object */ = {
			isa = PBXProject;
			attributes = {
				LastSwiftUpdateCheck = 1130;
				LastUpgradeCheck = 1130;
				ORGANIZATIONNAME = "Ruben Ruiz";
				TargetAttributes = {
					06E943B423DA3FFA00EB8E60 = {
						CreatedOnToolsVersion = 11.3;
					};
				};
			};
			buildConfigurationList = 06E943B023DA3FFA00EB8E60 /* Build configuration list for PBXProject "Project 2 - Tip Calculator" */;
			compatibilityVersion = "Xcode 9.3";
			developmentRegion = en;
			hasScannedForEncodings = 0;
			knownRegions = (
				en,
				Base,
			);
			mainGroup = 06E943AC23DA3FFA00EB8E60;
			productRefGroup = 06E943B623DA3FFA00EB8E60 /* Products */;
			projectDirPath = "";
			projectRoot = "";
			targets = (
				06E943B423DA3FFA00EB8E60 /* Project 2 - Tip Calculator */,
			);
		};
/* End PBXProject section */

/* Begin PBXResourcesBuildPhase section */
		06E943B323DA3FFA00EB8E60 /* Resources */ = {
			isa = PBXResourcesBuildPhase;
			buildActionMask = 2147483647;
			files = (
				06E943C523DA3FFB00EB8E60 /* LaunchScreen.storyboard in Resources */,
				06E943C223DA3FFB00EB8E60 /* Assets.xcassets in Resources */,
				06E943C023DA3FFA00EB8E60 /* Main.storyboard in Resources */,
			);
			runOnlyForDeploymentPostprocessing = 0;
		};
/* End PBXResourcesBuildPhase section */

/* Begin PBXSourcesBuildPhase section */
		06E943B123DA3FFA00EB8E60 /* Sources */ = {
			isa = PBXSourcesBuildPhase;
			buildActionMask = 2147483647;
			files = (
				06E943BD23DA3FFA00EB8E60 /* ViewController.swift in Sources */,
				06E943B923DA3FFA00EB8E60 /* AppDelegate.swift in Sources */,
				06E943BB23DA3FFA00EB8E60 /* SceneDelegate.swift in Sources */,
			);
			runOnlyForDeploymentPostprocessing = 0;
		};
/* End PBXSourcesBuildPhase section */

/* Begin PBXVariantGroup section */
		06E943BE23DA3FFA00EB8E60 /* Main.storyboard */ = {
			isa = PBXVariantGroup;
			children = (
				06E943BF23DA3FFA00EB8E60 /* Base */,
			);
			name = Main.storyboard;
			sourceTree = "<group>";
		};
		06E943C323DA3FFB00EB8E60 /* LaunchScreen.storyboard */ = {
			isa = PBXVariantGroup;
			children = (
				06E943C423DA3FFB00EB8E60 /* Base */,
			);
			name = LaunchScreen.storyboard;
			sourceTree = "<group>";
		};
/* End PBXVariantGroup section */

/* Begin XCBuildConfiguration section */
		06E943C723DA3FFB00EB8E60 /* Debug */ = {
			isa = XCBuildConfiguration;
			buildSettings = {
				ALWAYS_SEARCH_USER_PATHS = NO;
				CLANG_ANALYZER_NONNULL = YES;
				CLANG_ANALYZER_NUMBER_OBJECT_CONVERSION = YES_AGGRESSIVE;
				CLANG_CXX_LANGUAGE_STANDARD = "gnu++14";
				CLANG_CXX_LIBRARY = "libc++";
				CLANG_ENABLE_MODULES = YES;
				CLANG_ENABLE_OBJC_ARC = YES;
				CLANG_ENABLE_OBJC_WEAK = YES;
				CLANG_WARN_BLOCK_CAPTURE_AUTORELEASING = YES;
				CLANG_WARN_BOOL_CONVERSION = YES;
				CLANG_WARN_COMMA = YES;
				CLANG_WARN_CONSTANT_CONVERSION = YES;
				CLANG_WARN_DEPRECATED_OBJC_IMPLEMENTATIONS = YES;
				CLANG_WARN_DIRECT_OBJC_ISA_USAGE = YES_ERROR;
				CLANG_WARN_DOCUMENTATION_COMMENTS = YES;
				CLANG_WARN_EMPTY_BODY = YES;
				CLANG_WARN_ENUM_CONVERSION = YES;
				CLANG_WARN_INFINITE_RECURSION = YES;
				CLANG_WARN_INT_CONVERSION = YES;
				CLANG_WARN_NON_LITERAL_NULL_CONVERSION = YES;
				CLANG_WARN_OBJC_IMPLICIT_RETAIN_SELF = YES;
				CLANG_WARN_OBJC_LITERAL_CONVERSION = YES;
				CLANG_WARN_OBJC_ROOT_CLASS = YES_ERROR;
				CLANG_WARN_RANGE_LOOP_ANALYSIS = YES;
				CLANG_WARN_STRICT_PROTOTYPES = YES;
				CLANG_WARN_SUSPICIOUS_MOVE = YES;
				CLANG_WARN_UNGUARDED_AVAILABILITY = YES_AGGRESSIVE;
				CLANG_WARN_UNREACHABLE_CODE = YES;
				CLANG_WARN__DUPLICATE_METHOD_MATCH = YES;
				COPY_PHASE_STRIP = NO;
				DEBUG_INFORMATION_FORMAT = dwarf;
				ENABLE_STRICT_OBJC_MSGSEND = YES;
				ENABLE_TESTABILITY = YES;
				GCC_C_LANGUAGE_STANDARD = gnu11;
				GCC_DYNAMIC_NO_PIC = NO;
				GCC_NO_COMMON_BLOCKS = YES;
				GCC_OPTIMIZATION_LEVEL = 0;
				GCC_PREPROCESSOR_DEFINITIONS = (
					"DEBUG=1",
					"$(inherited)",
				);
				GCC_WARN_64_TO_32_BIT_CONVERSION = YES;
				GCC_WARN_ABOUT_RETURN_TYPE = YES_ERROR;
				GCC_WARN_UNDECLARED_SELECTOR = YES;
				GCC_WARN_UNINITIALIZED_AUTOS = YES_AGGRESSIVE;
				GCC_WARN_UNUSED_FUNCTION = YES;
				GCC_WARN_UNUSED_VARIABLE = YES;
				IPHONEOS_DEPLOYMENT_TARGET = 13.2;
				MTL_ENABLE_DEBUG_INFO = INCLUDE_SOURCE;
				MTL_FAST_MATH = YES;
				ONLY_ACTIVE_ARCH = YES;
				SDKROOT = iphoneos;
				SWIFT_ACTIVE_COMPILATION_CONDITIONS = DEBUG;
				SWIFT_OPTIMIZATION_LEVEL = "-Onone";
			};
			name = Debug;
		};
		06E943C823DA3FFB00EB8E60 /* Release */ = {
			isa = XCBuildConfiguration;
			buildSettings = {
				ALWAYS_SEARCH_USER_PATHS = NO;
				CLANG_ANALYZER_NONNULL = YES;
				CLANG_ANALYZER_NUMBER_OBJECT_CONVERSION = YES_AGGRESSIVE;
				CLANG_CXX_LANGUAGE_STANDARD = "gnu++14";
				CLANG_CXX_LIBRARY = "libc++";
				CLANG_ENABLE_MODULES = YES;
				CLANG_ENABLE_OBJC_ARC = YES;
				CLANG_ENABLE_OBJC_WEAK = YES;
				CLANG_WARN_BLOCK_CAPTURE_AUTORELEASING = YES;
				CLANG_WARN_BOOL_CONVERSION = YES;
				CLANG_WARN_COMMA = YES;
				CLANG_WARN_CONSTANT_CONVERSION = YES;
				CLANG_WARN_DEPRECATED_OBJC_IMPLEMENTATIONS = YES;
				CLANG_WARN_DIRECT_OBJC_ISA_USAGE = YES_ERROR;
				CLANG_WARN_DOCUMENTATION_COMMENTS = YES;
				CLANG_WARN_EMPTY_BODY = YES;
				CLANG_WARN_ENUM_CONVERSION = YES;
				CLANG_WARN_INFINITE_RECURSION = YES;
				CLANG_WARN_INT_CONVERSION = YES;
				CLANG_WARN_NON_LITERAL_NULL_CONVERSION = YES;
				CLANG_WARN_OBJC_IMPLICIT_RETAIN_SELF = YES;
				CLANG_WARN_OBJC_LITERAL_CONVERSION = YES;
				CLANG_WARN_OBJC_ROOT_CLASS = YES_ERROR;
				CLANG_WARN_RANGE_LOOP_ANALYSIS = YES;
				CLANG_WARN_STRICT_PROTOTYPES = YES;
				CLANG_WARN_SUSPICIOUS_MOVE = YES;
				CLANG_WARN_UNGUARDED_AVAILABILITY = YES_AGGRESSIVE;
				CLANG_WARN_UNREACHABLE_CODE = YES;
				CLANG_WARN__DUPLICATE_METHOD_MATCH = YES;
				COPY_PHASE_STRIP = NO;
				DEBUG_INFORMATION_FORMAT = "dwarf-with-dsym";
				ENABLE_NS_ASSERTIONS = NO;
				ENABLE_STRICT_OBJC_MSGSEND = YES;
				GCC_C_LANGUAGE_STANDARD = gnu11;
				GCC_NO_COMMON_BLOCKS = YES;
				GCC_WARN_64_TO_32_BIT_CONVERSION = YES;
				GCC_WARN_ABOUT_RETURN_TYPE = YES_ERROR;
				GCC_WARN_UNDECLARED_SELECTOR = YES;
				GCC_WARN_UNINITIALIZED_AUTOS = YES_AGGRESSIVE;
				GCC_WARN_UNUSED_FUNCTION = YES;
				GCC_WARN_UNUSED_VARIABLE = YES;
				IPHONEOS_DEPLOYMENT_TARGET = 13.2;
				MTL_ENABLE_DEBUG_INFO = NO;
				MTL_FAST_MATH = YES;
				SDKROOT = iphoneos;
				SWIFT_COMPILATION_MODE = wholemodule;
				SWIFT_OPTIMIZATION_LEVEL = "-O";
				VALIDATE_PRODUCT = YES;
			};
			name = Release;
		};
		06E943CA23DA3FFB00EB8E60 /* Debug */ = {
			isa = XCBuildConfiguration;
			buildSettings = {
				ASSETCATALOG_COMPILER_APPICON_NAME = AppIcon;
				CODE_SIGN_STYLE = Automatic;
				INFOPLIST_FILE = "Project 2 - Tip Calculator/Info.plist";
				IPHONEOS_DEPLOYMENT_TARGET = 13.2;
				LD_RUNPATH_SEARCH_PATHS = (
					"$(inherited)",
					"@executable_path/Frameworks",
				);
				PRODUCT_BUNDLE_IDENTIFIER = "org.rubenruiz.Project-2---Tip-Calculator";
				PRODUCT_NAME = "$(TARGET_NAME)";
				SWIFT_VERSION = 5.0;
				TARGETED_DEVICE_FAMILY = "1,2";
			};
			name = Debug;
		};
		06E943CB23DA3FFB00EB8E60 /* Release */ = {
			isa = XCBuildConfiguration;
			buildSettings = {
				ASSETCATALOG_COMPILER_APPICON_NAME = AppIcon;
				CODE_SIGN_STYLE = Automatic;
				INFOPLIST_FILE = "Project 2 - Tip Calculator/Info.plist";
				IPHONEOS_DEPLOYMENT_TARGET = 13.2;
				LD_RUNPATH_SEARCH_PATHS = (
					"$(inherited)",
					"@executable_path/Frameworks",
				);
				PRODUCT_BUNDLE_IDENTIFIER = "org.rubenruiz.Project-2---Tip-Calculator";
				PRODUCT_NAME = "$(TARGET_NAME)";
				SWIFT_VERSION = 5.0;
				TARGETED_DEVICE_FAMILY = "1,2";
			};
			name = Release;
		};
/* End XCBuildConfiguration section */

/* Begin XCConfigurationList section */
		06E943B023DA3FFA00EB8E60 /* Build configuration list for PBXProject "Project 2 - Tip Calculator" */ = {
			isa = XCConfigurationList;
			buildConfigurations = (
				06E943C723DA3FFB00EB8E60 /* Debug */,
				06E943C823DA3FFB00EB8E60 /* Release */,
			);
			defaultConfigurationIsVisible = 0;
			defaultConfigurationName = Release;
		};
		06E943C923DA3FFB00EB8E60 /* Build configuration list for PBXNativeTarget "Project 2 - Tip Calculator" */ = {
			isa = XCConfigurationList;
			buildConfigurations = (
				06E943CA23DA3FFB00EB8E60 /* Debug */,
				06E943CB23DA3FFB00EB8E60 /* Release */,
			);
			defaultConfigurationIsVisible = 0;
			defaultConfigurationName = Release;
		};
/* End XCConfigurationList section */
	};
	rootObject = 06E943AD23DA3FFA00EB8E60 /* Project object */;
}
