// !$*UTF8*$!
{
	archiveVersion = 1;
	classes = {
	};
	objectVersion = 50;
	objects = {

/* Begin PBXBuildFile section */
		0DE2DF9024117D72003113C6 /* AppDelegate.swift in Sources */ = {isa = PBXBuildFile; fileRef = 0DE2DF8F24117D72003113C6 /* AppDelegate.swift */; };
		0DE2DF9224117D72003113C6 /* SceneDelegate.swift in Sources */ = {isa = PBXBuildFile; fileRef = 0DE2DF9124117D72003113C6 /* SceneDelegate.swift */; };
		0DE2DF9424117D72003113C6 /* ViewController.swift in Sources */ = {isa = PBXBuildFile; fileRef = 0DE2DF9324117D72003113C6 /* ViewController.swift */; };
		0DE2DF9724117D72003113C6 /* Main.storyboard in Resources */ = {isa = PBXBuildFile; fileRef = 0DE2DF9524117D72003113C6 /* Main.storyboard */; };
		0DE2DF9924117D73003113C6 /* Assets.xcassets in Resources */ = {isa = PBXBuildFile; fileRef = 0DE2DF9824117D73003113C6 /* Assets.xcassets */; };
		0DE2DF9C24117D73003113C6 /* LaunchScreen.storyboard in Resources */ = {isa = PBXBuildFile; fileRef = 0DE2DF9A24117D73003113C6 /* LaunchScreen.storyboard */; };
		67278CEA2411E9B80006BCDA /* GithubViewController.swift in Sources */ = {isa = PBXBuildFile; fileRef = 67278CE92411E9B80006BCDA /* GithubViewController.swift */; };
		67278CEC2411EB1B0006BCDA /* LinkedinViewController.swift in Sources */ = {isa = PBXBuildFile; fileRef = 67278CEB2411EB1B0006BCDA /* LinkedinViewController.swift */; };
/* End PBXBuildFile section */

/* Begin PBXFileReference section */
		0DE2DF8C24117D72003113C6 /* Assignment 3 - ePortfolio.app */ = {isa = PBXFileReference; explicitFileType = wrapper.application; includeInIndex = 0; path = "Assignment 3 - ePortfolio.app"; sourceTree = BUILT_PRODUCTS_DIR; };
		0DE2DF8F24117D72003113C6 /* AppDelegate.swift */ = {isa = PBXFileReference; lastKnownFileType = sourcecode.swift; path = AppDelegate.swift; sourceTree = "<group>"; };
		0DE2DF9124117D72003113C6 /* SceneDelegate.swift */ = {isa = PBXFileReference; lastKnownFileType = sourcecode.swift; path = SceneDelegate.swift; sourceTree = "<group>"; };
		0DE2DF9324117D72003113C6 /* ViewController.swift */ = {isa = PBXFileReference; lastKnownFileType = sourcecode.swift; path = ViewController.swift; sourceTree = "<group>"; };
		0DE2DF9624117D72003113C6 /* Base */ = {isa = PBXFileReference; lastKnownFileType = file.storyboard; name = Base; path = Base.lproj/Main.storyboard; sourceTree = "<group>"; };
		0DE2DF9824117D73003113C6 /* Assets.xcassets */ = {isa = PBXFileReference; lastKnownFileType = folder.assetcatalog; path = Assets.xcassets; sourceTree = "<group>"; };
		0DE2DF9B24117D73003113C6 /* Base */ = {isa = PBXFileReference; lastKnownFileType = file.storyboard; name = Base; path = Base.lproj/LaunchScreen.storyboard; sourceTree = "<group>"; };
		0DE2DF9D24117D73003113C6 /* Info.plist */ = {isa = PBXFileReference; lastKnownFileType = text.plist.xml; path = Info.plist; sourceTree = "<group>"; };
		67278CE92411E9B80006BCDA /* GithubViewController.swift */ = {isa = PBXFileReference; lastKnownFileType = sourcecode.swift; path = GithubViewController.swift; sourceTree = "<group>"; };
		67278CEB2411EB1B0006BCDA /* LinkedinViewController.swift */ = {isa = PBXFileReference; lastKnownFileType = sourcecode.swift; path = LinkedinViewController.swift; sourceTree = "<group>"; };
/* End PBXFileReference section */

/* Begin PBXFrameworksBuildPhase section */
		0DE2DF8924117D72003113C6 /* Frameworks */ = {
			isa = PBXFrameworksBuildPhase;
			buildActionMask = 2147483647;
			files = (
			);
			runOnlyForDeploymentPostprocessing = 0;
		};
/* End PBXFrameworksBuildPhase section */

/* Begin PBXGroup section */
		0DE2DF8324117D72003113C6 = {
			isa = PBXGroup;
			children = (
				0DE2DF8E24117D72003113C6 /* Assignment 3 - ePortfolio */,
				0DE2DF8D24117D72003113C6 /* Products */,
			);
			sourceTree = "<group>";
		};
		0DE2DF8D24117D72003113C6 /* Products */ = {
			isa = PBXGroup;
			children = (
				0DE2DF8C24117D72003113C6 /* Assignment 3 - ePortfolio.app */,
			);
			name = Products;
			sourceTree = "<group>";
		};
		0DE2DF8E24117D72003113C6 /* Assignment 3 - ePortfolio */ = {
			isa = PBXGroup;
			children = (
				0DE2DF8F24117D72003113C6 /* AppDelegate.swift */,
				0DE2DF9124117D72003113C6 /* SceneDelegate.swift */,
				0DE2DF9324117D72003113C6 /* ViewController.swift */,
				0DE2DF9524117D72003113C6 /* Main.storyboard */,
				67278CEB2411EB1B0006BCDA /* LinkedinViewController.swift */,
				67278CE92411E9B80006BCDA /* GithubViewController.swift */,
				0DE2DF9824117D73003113C6 /* Assets.xcassets */,
				0DE2DF9A24117D73003113C6 /* LaunchScreen.storyboard */,
				0DE2DF9D24117D73003113C6 /* Info.plist */,
			);
			path = "Assignment 3 - ePortfolio";
			sourceTree = "<group>";
		};
/* End PBXGroup section */

/* Begin PBXNativeTarget section */
		0DE2DF8B24117D72003113C6 /* Assignment 3 - ePortfolio */ = {
			isa = PBXNativeTarget;
			buildConfigurationList = 0DE2DFA024117D73003113C6 /* Build configuration list for PBXNativeTarget "Assignment 3 - ePortfolio" */;
			buildPhases = (
				0DE2DF8824117D72003113C6 /* Sources */,
				0DE2DF8924117D72003113C6 /* Frameworks */,
				0DE2DF8A24117D72003113C6 /* Resources */,
			);
			buildRules = (
			);
			dependencies = (
			);
			name = "Assignment 3 - ePortfolio";
			productName = "Assignment 3 - ePortfolio";
			productReference = 0DE2DF8C24117D72003113C6 /* Assignment 3 - ePortfolio.app */;
			productType = "com.apple.product-type.application";
		};
/* End PBXNativeTarget section */

/* Begin PBXProject section */
		0DE2DF8424117D72003113C6 /* Project object */ = {
			isa = PBXProject;
			attributes = {
				LastSwiftUpdateCheck = 1130;
				LastUpgradeCheck = 1130;
				ORGANIZATIONNAME = "Ruben Ruiz";
				TargetAttributes = {
					0DE2DF8B24117D72003113C6 = {
						CreatedOnToolsVersion = 11.3;
					};
				};
			};
			buildConfigurationList = 0DE2DF8724117D72003113C6 /* Build configuration list for PBXProject "Assignment 3 - ePortfolio" */;
			compatibilityVersion = "Xcode 9.3";
			developmentRegion = en;
			hasScannedForEncodings = 0;
			knownRegions = (
				en,
				Base,
			);
			mainGroup = 0DE2DF8324117D72003113C6;
			productRefGroup = 0DE2DF8D24117D72003113C6 /* Products */;
			projectDirPath = "";
			projectRoot = "";
			targets = (
				0DE2DF8B24117D72003113C6 /* Assignment 3 - ePortfolio */,
			);
		};
/* End PBXProject section */

/* Begin PBXResourcesBuildPhase section */
		0DE2DF8A24117D72003113C6 /* Resources */ = {
			isa = PBXResourcesBuildPhase;
			buildActionMask = 2147483647;
			files = (
				0DE2DF9C24117D73003113C6 /* LaunchScreen.storyboard in Resources */,
				0DE2DF9924117D73003113C6 /* Assets.xcassets in Resources */,
				0DE2DF9724117D72003113C6 /* Main.storyboard in Resources */,
			);
			runOnlyForDeploymentPostprocessing = 0;
		};
/* End PBXResourcesBuildPhase section */

/* Begin PBXSourcesBuildPhase section */
		0DE2DF8824117D72003113C6 /* Sources */ = {
			isa = PBXSourcesBuildPhase;
			buildActionMask = 2147483647;
			files = (
				0DE2DF9424117D72003113C6 /* ViewController.swift in Sources */,
				67278CEC2411EB1B0006BCDA /* LinkedinViewController.swift in Sources */,
				0DE2DF9024117D72003113C6 /* AppDelegate.swift in Sources */,
				0DE2DF9224117D72003113C6 /* SceneDelegate.swift in Sources */,
				67278CEA2411E9B80006BCDA /* GithubViewController.swift in Sources */,
			);
			runOnlyForDeploymentPostprocessing = 0;
		};
/* End PBXSourcesBuildPhase section */

/* Begin PBXVariantGroup section */
		0DE2DF9524117D72003113C6 /* Main.storyboard */ = {
			isa = PBXVariantGroup;
			children = (
				0DE2DF9624117D72003113C6 /* Base */,
			);
			name = Main.storyboard;
			sourceTree = "<group>";
		};
		0DE2DF9A24117D73003113C6 /* LaunchScreen.storyboard */ = {
			isa = PBXVariantGroup;
			children = (
				0DE2DF9B24117D73003113C6 /* Base */,
			);
			name = LaunchScreen.storyboard;
			sourceTree = "<group>";
		};
/* End PBXVariantGroup section */

/* Begin XCBuildConfiguration section */
		0DE2DF9E24117D73003113C6 /* Debug */ = {
			isa = XCBuildConfiguration;
			buildSettings = {
				ALWAYS_SEARCH_USER_PATHS = NO;
				CLANG_ANALYZER_NONNULL = YES;
				CLANG_ANALYZER_NUMBER_OBJECT_CONVERSION = YES_AGGRESSIVE;
				CLANG_CXX_LANGUAGE_STANDARD = "gnu++14";
				CLANG_CXX_LIBRARY = "libc++";
				CLANG_ENABLE_MODULES = YES;
				CLANG_ENABLE_OBJC_ARC = YES;
				CLANG_ENABLE_OBJC_WEAK = YES;
				CLANG_WARN_BLOCK_CAPTURE_AUTORELEASING = YES;
				CLANG_WARN_BOOL_CONVERSION = YES;
				CLANG_WARN_COMMA = YES;
				CLANG_WARN_CONSTANT_CONVERSION = YES;
				CLANG_WARN_DEPRECATED_OBJC_IMPLEMENTATIONS = YES;
				CLANG_WARN_DIRECT_OBJC_ISA_USAGE = YES_ERROR;
				CLANG_WARN_DOCUMENTATION_COMMENTS = YES;
				CLANG_WARN_EMPTY_BODY = YES;
				CLANG_WARN_ENUM_CONVERSION = YES;
				CLANG_WARN_INFINITE_RECURSION = YES;
				CLANG_WARN_INT_CONVERSION = YES;
				CLANG_WARN_NON_LITERAL_NULL_CONVERSION = YES;
				CLANG_WARN_OBJC_IMPLICIT_RETAIN_SELF = YES;
				CLANG_WARN_OBJC_LITERAL_CONVERSION = YES;
				CLANG_WARN_OBJC_ROOT_CLASS = YES_ERROR;
				CLANG_WARN_RANGE_LOOP_ANALYSIS = YES;
				CLANG_WARN_STRICT_PROTOTYPES = YES;
				CLANG_WARN_SUSPICIOUS_MOVE = YES;
				CLANG_WARN_UNGUARDED_AVAILABILITY = YES_AGGRESSIVE;
				CLANG_WARN_UNREACHABLE_CODE = YES;
				CLANG_WARN__DUPLICATE_METHOD_MATCH = YES;
				COPY_PHASE_STRIP = NO;
				DEBUG_INFORMATION_FORMAT = dwarf;
				ENABLE_STRICT_OBJC_MSGSEND = YES;
				ENABLE_TESTABILITY = YES;
				GCC_C_LANGUAGE_STANDARD = gnu11;
				GCC_DYNAMIC_NO_PIC = NO;
				GCC_NO_COMMON_BLOCKS = YES;
				GCC_OPTIMIZATION_LEVEL = 0;
				GCC_PREPROCESSOR_DEFINITIONS = (
					"DEBUG=1",
					"$(inherited)",
				);
				GCC_WARN_64_TO_32_BIT_CONVERSION = YES;
				GCC_WARN_ABOUT_RETURN_TYPE = YES_ERROR;
				GCC_WARN_UNDECLARED_SELECTOR = YES;
				GCC_WARN_UNINITIALIZED_AUTOS = YES_AGGRESSIVE;
				GCC_WARN_UNUSED_FUNCTION = YES;
				GCC_WARN_UNUSED_VARIABLE = YES;
				IPHONEOS_DEPLOYMENT_TARGET = 13.2;
				MTL_ENABLE_DEBUG_INFO = INCLUDE_SOURCE;
				MTL_FAST_MATH = YES;
				ONLY_ACTIVE_ARCH = YES;
				SDKROOT = iphoneos;
				SWIFT_ACTIVE_COMPILATION_CONDITIONS = DEBUG;
				SWIFT_OPTIMIZATION_LEVEL = "-Onone";
			};
			name = Debug;
		};
		0DE2DF9F24117D73003113C6 /* Release */ = {
			isa = XCBuildConfiguration;
			buildSettings = {
				ALWAYS_SEARCH_USER_PATHS = NO;
				CLANG_ANALYZER_NONNULL = YES;
				CLANG_ANALYZER_NUMBER_OBJECT_CONVERSION = YES_AGGRESSIVE;
				CLANG_CXX_LANGUAGE_STANDARD = "gnu++14";
				CLANG_CXX_LIBRARY = "libc++";
				CLANG_ENABLE_MODULES = YES;
				CLANG_ENABLE_OBJC_ARC = YES;
				CLANG_ENABLE_OBJC_WEAK = YES;
				CLANG_WARN_BLOCK_CAPTURE_AUTORELEASING = YES;
				CLANG_WARN_BOOL_CONVERSION = YES;
				CLANG_WARN_COMMA = YES;
				CLANG_WARN_CONSTANT_CONVERSION = YES;
				CLANG_WARN_DEPRECATED_OBJC_IMPLEMENTATIONS = YES;
				CLANG_WARN_DIRECT_OBJC_ISA_USAGE = YES_ERROR;
				CLANG_WARN_DOCUMENTATION_COMMENTS = YES;
				CLANG_WARN_EMPTY_BODY = YES;
				CLANG_WARN_ENUM_CONVERSION = YES;
				CLANG_WARN_INFINITE_RECURSION = YES;
				CLANG_WARN_INT_CONVERSION = YES;
				CLANG_WARN_NON_LITERAL_NULL_CONVERSION = YES;
				CLANG_WARN_OBJC_IMPLICIT_RETAIN_SELF = YES;
				CLANG_WARN_OBJC_LITERAL_CONVERSION = YES;
				CLANG_WARN_OBJC_ROOT_CLASS = YES_ERROR;
				CLANG_WARN_RANGE_LOOP_ANALYSIS = YES;
				CLANG_WARN_STRICT_PROTOTYPES = YES;
				CLANG_WARN_SUSPICIOUS_MOVE = YES;
				CLANG_WARN_UNGUARDED_AVAILABILITY = YES_AGGRESSIVE;
				CLANG_WARN_UNREACHABLE_CODE = YES;
				CLANG_WARN__DUPLICATE_METHOD_MATCH = YES;
				COPY_PHASE_STRIP = NO;
				DEBUG_INFORMATION_FORMAT = "dwarf-with-dsym";
				ENABLE_NS_ASSERTIONS = NO;
				ENABLE_STRICT_OBJC_MSGSEND = YES;
				GCC_C_LANGUAGE_STANDARD = gnu11;
				GCC_NO_COMMON_BLOCKS = YES;
				GCC_WARN_64_TO_32_BIT_CONVERSION = YES;
				GCC_WARN_ABOUT_RETURN_TYPE = YES_ERROR;
				GCC_WARN_UNDECLARED_SELECTOR = YES;
				GCC_WARN_UNINITIALIZED_AUTOS = YES_AGGRESSIVE;
				GCC_WARN_UNUSED_FUNCTION = YES;
				GCC_WARN_UNUSED_VARIABLE = YES;
				IPHONEOS_DEPLOYMENT_TARGET = 13.2;
				MTL_ENABLE_DEBUG_INFO = NO;
				MTL_FAST_MATH = YES;
				SDKROOT = iphoneos;
				SWIFT_COMPILATION_MODE = wholemodule;
				SWIFT_OPTIMIZATION_LEVEL = "-O";
				VALIDATE_PRODUCT = YES;
			};
			name = Release;
		};
		0DE2DFA124117D73003113C6 /* Debug */ = {
			isa = XCBuildConfiguration;
			buildSettings = {
				ASSETCATALOG_COMPILER_APPICON_NAME = AppIcon;
				CODE_SIGN_STYLE = Automatic;
				INFOPLIST_FILE = "Assignment 3 - ePortfolio/Info.plist";
				LD_RUNPATH_SEARCH_PATHS = (
					"$(inherited)",
					"@executable_path/Frameworks",
				);
				PRODUCT_BUNDLE_IDENTIFIER = "org.rubenruiz.Assignment-3---ePortfolio";
				PRODUCT_NAME = "$(TARGET_NAME)";
				SWIFT_VERSION = 5.0;
				TARGETED_DEVICE_FAMILY = "1,2";
			};
			name = Debug;
		};
		0DE2DFA224117D73003113C6 /* Release */ = {
			isa = XCBuildConfiguration;
			buildSettings = {
				ASSETCATALOG_COMPILER_APPICON_NAME = AppIcon;
				CODE_SIGN_STYLE = Automatic;
				INFOPLIST_FILE = "Assignment 3 - ePortfolio/Info.plist";
				LD_RUNPATH_SEARCH_PATHS = (
					"$(inherited)",
					"@executable_path/Frameworks",
				);
				PRODUCT_BUNDLE_IDENTIFIER = "org.rubenruiz.Assignment-3---ePortfolio";
				PRODUCT_NAME = "$(TARGET_NAME)";
				SWIFT_VERSION = 5.0;
				TARGETED_DEVICE_FAMILY = "1,2";
			};
			name = Release;
		};
/* End XCBuildConfiguration section */

/* Begin XCConfigurationList section */
		0DE2DF8724117D72003113C6 /* Build configuration list for PBXProject "Assignment 3 - ePortfolio" */ = {
			isa = XCConfigurationList;
			buildConfigurations = (
				0DE2DF9E24117D73003113C6 /* Debug */,
				0DE2DF9F24117D73003113C6 /* Release */,
			);
			defaultConfigurationIsVisible = 0;
			defaultConfigurationName = Release;
		};
		0DE2DFA024117D73003113C6 /* Build configuration list for PBXNativeTarget "Assignment 3 - ePortfolio" */ = {
			isa = XCConfigurationList;
			buildConfigurations = (
				0DE2DFA124117D73003113C6 /* Debug */,
				0DE2DFA224117D73003113C6 /* Release */,
			);
			defaultConfigurationIsVisible = 0;
			defaultConfigurationName = Release;
		};
/* End XCConfigurationList section */
	};
	rootObject = 0DE2DF8424117D72003113C6 /* Project object */;
}
